
Microsoft Visual Studio Solution File, Format Version 12.00
# Visual Studio Version 17
VisualStudioVersion = 17.9.34728.123
MinimumVisualStudioVersion = 10.0.40219.1
Project("{FAE04EC0-301F-11D3-BF4B-00C04F79EFBC}") = "Dungeons", "Dungeons.csproj", "{D9E0F597-5DF1-44B0-8AFE-6B5F40992310}"
EndProject
Project("{FAE04EC0-301F-11D3-BF4B-00C04F79EFBC}") = "ClassesLibrary", "..\Classes\ClassesLibrary.csproj", "{A46F01D5-8F31-4891-8712-4CAB5E008B7E}"
EndProject
Global
	GlobalSection(SolutionConfigurationPlatforms) = preSolution
		Debug|Any CPU = Debug|Any CPU
		Release|Any CPU = Release|Any CPU
	EndGlobalSection
	GlobalSection(ProjectConfigurationPlatforms) = postSolution
		{D9E0F597-5DF1-44B0-8AFE-6B5F40992310}.Debug|Any CPU.ActiveCfg = Debug|Any CPU
		{D9E0F597-5DF1-44B0-8AFE-6B5F40992310}.Debug|Any CPU.Build.0 = Debug|Any CPU
		{D9E0F597-5DF1-44B0-8AFE-6B5F40992310}.Release|Any CPU.ActiveCfg = Release|Any CPU
		{D9E0F597-5DF1-44B0-8AFE-6B5F40992310}.Release|Any CPU.Build.0 = Release|Any CPU
		{A46F01D5-8F31-4891-8712-4CAB5E008B7E}.Debug|Any CPU.ActiveCfg = Debug|Any CPU
		{A46F01D5-8F31-4891-8712-4CAB5E008B7E}.Debug|Any CPU.Build.0 = Debug|Any CPU
		{A46F01D5-8F31-4891-8712-4CAB5E008B7E}.Release|Any CPU.ActiveCfg = Release|Any CPU
		{A46F01D5-8F31-4891-8712-4CAB5E008B7E}.Release|Any CPU.Build.0 = Release|Any CPU
	EndGlobalSection
	GlobalSection(SolutionProperties) = preSolution
		HideSolutionNode = FALSE
	EndGlobalSection
	GlobalSection(ExtensibilityGlobals) = postSolution
		SolutionGuid = {9E592C30-3DE9-49FD-973C-6975B8908DF9}
	EndGlobalSection
EndGlobal
